
Microsoft Visual Studio Solution File, Format Version 12.00
# Visual Studio 14
VisualStudioVersion = 14.0.25420.1
MinimumVisualStudioVersion = 10.0.40219.1
Project("{FAE04EC0-301F-11D3-BF4B-00C04F79EFBC}") = "JwtToken", "JwtToken\JwtToken.csproj", "{33DDB09C-D8A2-4FF4-93AE-0E63339B67EC}"
EndProject
Project("{FAE04EC0-301F-11D3-BF4B-00C04F79EFBC}") = "CSRedis", "CSRedis\CSRedis.csproj", "{D35E185E-A7E1-41E1-846C-21944F56074F}"
EndProject
Global
	GlobalSection(SolutionConfigurationPlatforms) = preSolution
		Debug|Any CPU = Debug|Any CPU
		Release|Any CPU = Release|Any CPU
	EndGlobalSection
	GlobalSection(ProjectConfigurationPlatforms) = postSolution
		{33DDB09C-D8A2-4FF4-93AE-0E63339B67EC}.Debug|Any CPU.ActiveCfg = Debug|Any CPU
		{33DDB09C-D8A2-4FF4-93AE-0E63339B67EC}.Debug|Any CPU.Build.0 = Debug|Any CPU
		{33DDB09C-D8A2-4FF4-93AE-0E63339B67EC}.Release|Any CPU.ActiveCfg = Release|Any CPU
		{33DDB09C-D8A2-4FF4-93AE-0E63339B67EC}.Release|Any CPU.Build.0 = Release|Any CPU
		{D35E185E-A7E1-41E1-846C-21944F56074F}.Debug|Any CPU.ActiveCfg = Debug|Any CPU
		{D35E185E-A7E1-41E1-846C-21944F56074F}.Debug|Any CPU.Build.0 = Debug|Any CPU
		{D35E185E-A7E1-41E1-846C-21944F56074F}.Release|Any CPU.ActiveCfg = Release|Any CPU
		{D35E185E-A7E1-41E1-846C-21944F56074F}.Release|Any CPU.Build.0 = Release|Any CPU
	EndGlobalSection
	GlobalSection(SolutionProperties) = preSolution
		HideSolutionNode = FALSE
	EndGlobalSection
EndGlobal
